{
  "name": "tz-json-server",
  "version": "1.0.0",
  "lockfileVersion": 1,
  "requires": true,
  "dependencies": {
    "@faker-js/faker": {
      "version": "6.0.0-alpha.5",
      "resolved": "https://registry.npmjs.org/@faker-js/faker/-/faker-6.0.0-alpha.5.tgz",
      "integrity": "sha512-8Is/xFxNgricqmhQR/AJ4Vi0cKzSR7FcpE0ImG9dWciuSxUkyCiK+B5/hTQP8jrVbtgTjpFC1AaTCnALJOBDmw=="
    },
    "lodash": {
      "version": "2.4.2",
      "resolved": "https://registry.npmjs.org/lodash/-/lodash-2.4.2.tgz",
      "integrity": "sha1-+t2DS5aDBz2hebPq5tnA0VBT9z4="
    }
  }
}
